// !$*UTF8*$!
{
	archiveVersion = 1;
	classes = {
	};
	objectVersion = 50;
	objects = {

/* Begin PBXBuildFile section */
		1F29AAD0257BBBC400D22092 /* Assets.xcassets in Resources */ = {isa = PBXBuildFile; fileRef = 1F29AACF257BBBC400D22092 /* Assets.xcassets */; };
		1F29AAD3257BBBC400D22092 /* Preview Assets.xcassets in Resources */ = {isa = PBXBuildFile; fileRef = 1F29AAD2257BBBC400D22092 /* Preview Assets.xcassets */; };
		1F29AADF257BBC2200D22092 /* LandmarkList.swift in Sources */ = {isa = PBXBuildFile; fileRef = 1F29AADE257BBC2200D22092 /* LandmarkList.swift */; };
		1F29AAE2257BBC4B00D22092 /* LandmarkDetail.swift in Sources */ = {isa = PBXBuildFile; fileRef = 1F29AAE1257BBC4B00D22092 /* LandmarkDetail.swift */; };
		1F29AAE5257BBC6700D22092 /* CircleImage.swift in Sources */ = {isa = PBXBuildFile; fileRef = 1F29AAE4257BBC6700D22092 /* CircleImage.swift */; };
		1F29AAE8257BBC7C00D22092 /* LandmarkRow.swift in Sources */ = {isa = PBXBuildFile; fileRef = 1F29AAE7257BBC7C00D22092 /* LandmarkRow.swift */; };
		1F29AAEB257BBC9100D22092 /* MapView.swift in Sources */ = {isa = PBXBuildFile; fileRef = 1F29AAEA257BBC9100D22092 /* MapView.swift */; };
		1F29AAFA257BBCC900D22092 /* hiddenlake.jpg in Resources */ = {isa = PBXBuildFile; fileRef = 1F29AAED257BBCC900D22092 /* hiddenlake.jpg */; };
		1F29AAFB257BBCC900D22092 /* icybay.jpg in Resources */ = {isa = PBXBuildFile; fileRef = 1F29AAEE257BBCC900D22092 /* icybay.jpg */; };
		1F29AAFC257BBCC900D22092 /* twinlake.jpg in Resources */ = {isa = PBXBuildFile; fileRef = 1F29AAEF257BBCC900D22092 /* twinlake.jpg */; };
		1F29AAFD257BBCC900D22092 /* rainbowlake.jpg in Resources */ = {isa = PBXBuildFile; fileRef = 1F29AAF0257BBCC900D22092 /* rainbowlake.jpg */; };
		1F29AAFE257BBCC900D22092 /* turtlerock.jpg in Resources */ = {isa = PBXBuildFile; fileRef = 1F29AAF1257BBCC900D22092 /* turtlerock.jpg */; };
		1F29AAFF257BBCC900D22092 /* chincoteague.jpg in Resources */ = {isa = PBXBuildFile; fileRef = 1F29AAF2257BBCC900D22092 /* chincoteague.jpg */; };
		1F29AB00257BBCC900D22092 /* silversalmoncreek.jpg in Resources */ = {isa = PBXBuildFile; fileRef = 1F29AAF3257BBCC900D22092 /* silversalmoncreek.jpg */; };
		1F29AB01257BBCC900D22092 /* chilkoottrail.jpg in Resources */ = {isa = PBXBuildFile; fileRef = 1F29AAF4257BBCC900D22092 /* chilkoottrail.jpg */; };
		1F29AB02257BBCC900D22092 /* lakemcdonald.jpg in Resources */ = {isa = PBXBuildFile; fileRef = 1F29AAF5257BBCC900D22092 /* lakemcdonald.jpg */; };
		1F29AB03257BBCC900D22092 /* umbagog.jpg in Resources */ = {isa = PBXBuildFile; fileRef = 1F29AAF6257BBCC900D22092 /* umbagog.jpg */; };
		1F29AB04257BBCC900D22092 /* landmarkData.json in Resources */ = {isa = PBXBuildFile; fileRef = 1F29AAF7257BBCC900D22092 /* landmarkData.json */; };
		1F29AB05257BBCC900D22092 /* yukon_charleyrivers.jpg in Resources */ = {isa = PBXBuildFile; fileRef = 1F29AAF8257BBCC900D22092 /* yukon_charleyrivers.jpg */; };
		1F29AB06257BBCC900D22092 /* stmarylake.jpg in Resources */ = {isa = PBXBuildFile; fileRef = 1F29AAF9257BBCC900D22092 /* stmarylake.jpg */; };
		1F29AB09257BBCE500D22092 /* Landmark.swift in Sources */ = {isa = PBXBuildFile; fileRef = 1F29AB08257BBCE500D22092 /* Landmark.swift */; };
		1F29AB0C257BBCEC00D22092 /* Data.swift in Sources */ = {isa = PBXBuildFile; fileRef = 1F29AB0B257BBCEC00D22092 /* Data.swift */; };
		1F29AB10257BBF1800D22092 /* UserData.swift in Sources */ = {isa = PBXBuildFile; fileRef = 1F29AB0F257BBF1800D22092 /* UserData.swift */; };
		1F431F8A257BCB8600D1FC79 /* SimpleUserInputApp.swift in Sources */ = {isa = PBXBuildFile; fileRef = 1F431F89257BCB8600D1FC79 /* SimpleUserInputApp.swift */; };
		1F91C5C4257BC3E900984085 /* charleyrivers.jpg in Resources */ = {isa = PBXBuildFile; fileRef = 1F91C5C3257BC3E900984085 /* charleyrivers.jpg */; };
/* End PBXBuildFile section */

/* Begin PBXFileReference section */
		1F29AAC8257BBBC300D22092 /* SimpleUserInput.app */ = {isa = PBXFileReference; explicitFileType = wrapper.application; includeInIndex = 0; path = SimpleUserInput.app; sourceTree = BUILT_PRODUCTS_DIR; };
		1F29AACF257BBBC400D22092 /* Assets.xcassets */ = {isa = PBXFileReference; lastKnownFileType = folder.assetcatalog; path = Assets.xcassets; sourceTree = "<group>"; };
		1F29AAD2257BBBC400D22092 /* Preview Assets.xcassets */ = {isa = PBXFileReference; lastKnownFileType = folder.assetcatalog; path = "Preview Assets.xcassets"; sourceTree = "<group>"; };
		1F29AAD4257BBBC400D22092 /* Info.plist */ = {isa = PBXFileReference; lastKnownFileType = text.plist.xml; path = Info.plist; sourceTree = "<group>"; };
		1F29AADE257BBC2200D22092 /* LandmarkList.swift */ = {isa = PBXFileReference; lastKnownFileType = sourcecode.swift; path = LandmarkList.swift; sourceTree = "<group>"; };
		1F29AAE1257BBC4B00D22092 /* LandmarkDetail.swift */ = {isa = PBXFileReference; lastKnownFileType = sourcecode.swift; path = LandmarkDetail.swift; sourceTree = "<group>"; };
		1F29AAE4257BBC6700D22092 /* CircleImage.swift */ = {isa = PBXFileReference; lastKnownFileType = sourcecode.swift; path = CircleImage.swift; sourceTree = "<group>"; };
		1F29AAE7257BBC7C00D22092 /* LandmarkRow.swift */ = {isa = PBXFileReference; lastKnownFileType = sourcecode.swift; path = LandmarkRow.swift; sourceTree = "<group>"; };
		1F29AAEA257BBC9100D22092 /* MapView.swift */ = {isa = PBXFileReference; lastKnownFileType = sourcecode.swift; path = MapView.swift; sourceTree = "<group>"; };
		1F29AAED257BBCC900D22092 /* hiddenlake.jpg */ = {isa = PBXFileReference; lastKnownFileType = image.jpeg; path = hiddenlake.jpg; sourceTree = "<group>"; };
		1F29AAEE257BBCC900D22092 /* icybay.jpg */ = {isa = PBXFileReference; lastKnownFileType = image.jpeg; path = icybay.jpg; sourceTree = "<group>"; };
		1F29AAEF257BBCC900D22092 /* twinlake.jpg */ = {isa = PBXFileReference; lastKnownFileType = image.jpeg; path = twinlake.jpg; sourceTree = "<group>"; };
		1F29AAF0257BBCC900D22092 /* rainbowlake.jpg */ = {isa = PBXFileReference; lastKnownFileType = image.jpeg; path = rainbowlake.jpg; sourceTree = "<group>"; };
		1F29AAF1257BBCC900D22092 /* turtlerock.jpg */ = {isa = PBXFileReference; lastKnownFileType = image.jpeg; path = turtlerock.jpg; sourceTree = "<group>"; };
		1F29AAF2257BBCC900D22092 /* chincoteague.jpg */ = {isa = PBXFileReference; lastKnownFileType = image.jpeg; path = chincoteague.jpg; sourceTree = "<group>"; };
		1F29AAF3257BBCC900D22092 /* silversalmoncreek.jpg */ = {isa = PBXFileReference; lastKnownFileType = image.jpeg; path = silversalmoncreek.jpg; sourceTree = "<group>"; };
		1F29AAF4257BBCC900D22092 /* chilkoottrail.jpg */ = {isa = PBXFileReference; lastKnownFileType = image.jpeg; path = chilkoottrail.jpg; sourceTree = "<group>"; };
		1F29AAF5257BBCC900D22092 /* lakemcdonald.jpg */ = {isa = PBXFileReference; lastKnownFileType = image.jpeg; path = lakemcdonald.jpg; sourceTree = "<group>"; };
		1F29AAF6257BBCC900D22092 /* umbagog.jpg */ = {isa = PBXFileReference; lastKnownFileType = image.jpeg; path = umbagog.jpg; sourceTree = "<group>"; };
		1F29AAF7257BBCC900D22092 /* landmarkData.json */ = {isa = PBXFileReference; fileEncoding = 4; lastKnownFileType = text.json; path = landmarkData.json; sourceTree = "<group>"; };
		1F29AAF8257BBCC900D22092 /* yukon_charleyrivers.jpg */ = {isa = PBXFileReference; lastKnownFileType = image.jpeg; path = yukon_charleyrivers.jpg; sourceTree = "<group>"; };
		1F29AAF9257BBCC900D22092 /* stmarylake.jpg */ = {isa = PBXFileReference; lastKnownFileType = image.jpeg; path = stmarylake.jpg; sourceTree = "<group>"; };
		1F29AB08257BBCE500D22092 /* Landmark.swift */ = {isa = PBXFileReference; lastKnownFileType = sourcecode.swift; path = Landmark.swift; sourceTree = "<group>"; };
		1F29AB0B257BBCEC00D22092 /* Data.swift */ = {isa = PBXFileReference; lastKnownFileType = sourcecode.swift; path = Data.swift; sourceTree = "<group>"; };
		1F29AB0F257BBF1800D22092 /* UserData.swift */ = {isa = PBXFileReference; lastKnownFileType = sourcecode.swift; path = UserData.swift; sourceTree = "<group>"; };
		1F431F89257BCB8600D1FC79 /* SimpleUserInputApp.swift */ = {isa = PBXFileReference; fileEncoding = 4; lastKnownFileType = sourcecode.swift; path = SimpleUserInputApp.swift; sourceTree = "<group>"; };
		1F91C5C3257BC3E900984085 /* charleyrivers.jpg */ = {isa = PBXFileReference; lastKnownFileType = image.jpeg; path = charleyrivers.jpg; sourceTree = "<group>"; };
/* End PBXFileReference section */

/* Begin PBXFrameworksBuildPhase section */
		1F29AAC5257BBBC300D22092 /* Frameworks */ = {
			isa = PBXFrameworksBuildPhase;
			buildActionMask = 2147483647;
			files = (
			);
			runOnlyForDeploymentPostprocessing = 0;
		};
/* End PBXFrameworksBuildPhase section */

/* Begin PBXGroup section */
		1F29AABF257BBBC300D22092 = {
			isa = PBXGroup;
			children = (
				1F29AADD257BBBF800D22092 /* Models */,
				1F29AADC257BBBF100D22092 /* Resources */,
				1F29AADB257BBBE900D22092 /* Supporting Views */,
				1F29AACA257BBBC300D22092 /* SimpleUserInput */,
				1F29AAC9257BBBC300D22092 /* Products */,
			);
			sourceTree = "<group>";
		};
		1F29AAC9257BBBC300D22092 /* Products */ = {
			isa = PBXGroup;
			children = (
				1F29AAC8257BBBC300D22092 /* SimpleUserInput.app */,
			);
			name = Products;
			sourceTree = "<group>";
		};
		1F29AACA257BBBC300D22092 /* SimpleUserInput */ = {
			isa = PBXGroup;
			children = (
				1F431F89257BCB8600D1FC79 /* SimpleUserInputApp.swift */,
				1F29AACF257BBBC400D22092 /* Assets.xcassets */,
				1F29AAD4257BBBC400D22092 /* Info.plist */,
				1F29AAD1257BBBC400D22092 /* Preview Content */,
				1F29AADE257BBC2200D22092 /* LandmarkList.swift */,
				1F29AAE1257BBC4B00D22092 /* LandmarkDetail.swift */,
			);
			path = SimpleUserInput;
			sourceTree = "<group>";
		};
		1F29AAD1257BBBC400D22092 /* Preview Content */ = {
			isa = PBXGroup;
			children = (
				1F29AAD2257BBBC400D22092 /* Preview Assets.xcassets */,
			);
			path = "Preview Content";
			sourceTree = "<group>";
		};
		1F29AADB257BBBE900D22092 /* Supporting Views */ = {
			isa = PBXGroup;
			children = (
				1F29AAE4257BBC6700D22092 /* CircleImage.swift */,
				1F29AAE7257BBC7C00D22092 /* LandmarkRow.swift */,
				1F29AAEA257BBC9100D22092 /* MapView.swift */,
			);
			path = "Supporting Views";
			sourceTree = "<group>";
		};
		1F29AADC257BBBF100D22092 /* Resources */ = {
			isa = PBXGroup;
			children = (
				1F91C5C3257BC3E900984085 /* charleyrivers.jpg */,
				1F29AAF4257BBCC900D22092 /* chilkoottrail.jpg */,
				1F29AAF2257BBCC900D22092 /* chincoteague.jpg */,
				1F29AAED257BBCC900D22092 /* hiddenlake.jpg */,
				1F29AAEE257BBCC900D22092 /* icybay.jpg */,
				1F29AAF5257BBCC900D22092 /* lakemcdonald.jpg */,
				1F29AAF7257BBCC900D22092 /* landmarkData.json */,
				1F29AAF0257BBCC900D22092 /* rainbowlake.jpg */,
				1F29AAF3257BBCC900D22092 /* silversalmoncreek.jpg */,
				1F29AAF9257BBCC900D22092 /* stmarylake.jpg */,
				1F29AAF1257BBCC900D22092 /* turtlerock.jpg */,
				1F29AAEF257BBCC900D22092 /* twinlake.jpg */,
				1F29AAF6257BBCC900D22092 /* umbagog.jpg */,
				1F29AAF8257BBCC900D22092 /* yukon_charleyrivers.jpg */,
			);
			path = Resources;
			sourceTree = "<group>";
		};
		1F29AADD257BBBF800D22092 /* Models */ = {
			isa = PBXGroup;
			children = (
				1F29AB08257BBCE500D22092 /* Landmark.swift */,
				1F29AB0B257BBCEC00D22092 /* Data.swift */,
				1F29AB0F257BBF1800D22092 /* UserData.swift */,
			);
			path = Models;
			sourceTree = "<group>";
		};
/* End PBXGroup section */

/* Begin PBXNativeTarget section */
		1F29AAC7257BBBC300D22092 /* SimpleUserInput */ = {
			isa = PBXNativeTarget;
			buildConfigurationList = 1F29AAD7257BBBC400D22092 /* Build configuration list for PBXNativeTarget "SimpleUserInput" */;
			buildPhases = (
				1F29AAC4257BBBC300D22092 /* Sources */,
				1F29AAC5257BBBC300D22092 /* Frameworks */,
				1F29AAC6257BBBC300D22092 /* Resources */,
			);
			buildRules = (
			);
			dependencies = (
			);
			name = SimpleUserInput;
			productName = SimpleUserInput;
			productReference = 1F29AAC8257BBBC300D22092 /* SimpleUserInput.app */;
			productType = "com.apple.product-type.application";
		};
/* End PBXNativeTarget section */

/* Begin PBXProject section */
		1F29AAC0257BBBC300D22092 /* Project object */ = {
			isa = PBXProject;
			attributes = {
				LastSwiftUpdateCheck = 1220;
				LastUpgradeCheck = 1220;
				TargetAttributes = {
					1F29AAC7257BBBC300D22092 = {
						CreatedOnToolsVersion = 12.2;
					};
				};
			};
			buildConfigurationList = 1F29AAC3257BBBC300D22092 /* Build configuration list for PBXProject "SimpleUserInput" */;
			compatibilityVersion = "Xcode 9.3";
			developmentRegion = en;
			hasScannedForEncodings = 0;
			knownRegions = (
				en,
				Base,
			);
			mainGroup = 1F29AABF257BBBC300D22092;
			productRefGroup = 1F29AAC9257BBBC300D22092 /* Products */;
			projectDirPath = "";
			projectRoot = "";
			targets = (
				1F29AAC7257BBBC300D22092 /* SimpleUserInput */,
			);
		};
/* End PBXProject section */

/* Begin PBXResourcesBuildPhase section */
		1F29AAC6257BBBC300D22092 /* Resources */ = {
			isa = PBXResourcesBuildPhase;
			buildActionMask = 2147483647;
			files = (
				1F29AB05257BBCC900D22092 /* yukon_charleyrivers.jpg in Resources */,
				1F29AB03257BBCC900D22092 /* umbagog.jpg in Resources */,
				1F29AAD3257BBBC400D22092 /* Preview Assets.xcassets in Resources */,
				1F91C5C4257BC3E900984085 /* charleyrivers.jpg in Resources */,
				1F29AAFD257BBCC900D22092 /* rainbowlake.jpg in Resources */,
				1F29AAFE257BBCC900D22092 /* turtlerock.jpg in Resources */,
				1F29AB04257BBCC900D22092 /* landmarkData.json in Resources */,
				1F29AB06257BBCC900D22092 /* stmarylake.jpg in Resources */,
				1F29AB01257BBCC900D22092 /* chilkoottrail.jpg in Resources */,
				1F29AB00257BBCC900D22092 /* silversalmoncreek.jpg in Resources */,
				1F29AAFC257BBCC900D22092 /* twinlake.jpg in Resources */,
				1F29AAFA257BBCC900D22092 /* hiddenlake.jpg in Resources */,
				1F29AB02257BBCC900D22092 /* lakemcdonald.jpg in Resources */,
				1F29AAFB257BBCC900D22092 /* icybay.jpg in Resources */,
				1F29AAFF257BBCC900D22092 /* chincoteague.jpg in Resources */,
				1F29AAD0257BBBC400D22092 /* Assets.xcassets in Resources */,
			);
			runOnlyForDeploymentPostprocessing = 0;
		};
/* End PBXResourcesBuildPhase section */

/* Begin PBXSourcesBuildPhase section */
		1F29AAC4257BBBC300D22092 /* Sources */ = {
			isa = PBXSourcesBuildPhase;
			buildActionMask = 2147483647;
			files = (
				1F29AAEB257BBC9100D22092 /* MapView.swift in Sources */,
				1F29AAE2257BBC4B00D22092 /* LandmarkDetail.swift in Sources */,
				1F29AB09257BBCE500D22092 /* Landmark.swift in Sources */,
				1F29AB10257BBF1800D22092 /* UserData.swift in Sources */,
				1F29AAE8257BBC7C00D22092 /* LandmarkRow.swift in Sources */,
				1F431F8A257BCB8600D1FC79 /* SimpleUserInputApp.swift in Sources */,
				1F29AADF257BBC2200D22092 /* LandmarkList.swift in Sources */,
				1F29AB0C257BBCEC00D22092 /* Data.swift in Sources */,
				1F29AAE5257BBC6700D22092 /* CircleImage.swift in Sources */,
			);
			runOnlyForDeploymentPostprocessing = 0;
		};
/* End PBXSourcesBuildPhase section */

/* Begin XCBuildConfiguration section */
		1F29AAD5257BBBC400D22092 /* Debug */ = {
			isa = XCBuildConfiguration;
			buildSettings = {
				ALWAYS_SEARCH_USER_PATHS = NO;
				CLANG_ANALYZER_NONNULL = YES;
				CLANG_ANALYZER_NUMBER_OBJECT_CONVERSION = YES_AGGRESSIVE;
				CLANG_CXX_LANGUAGE_STANDARD = "gnu++14";
				CLANG_CXX_LIBRARY = "libc++";
				CLANG_ENABLE_MODULES = YES;
				CLANG_ENABLE_OBJC_ARC = YES;
				CLANG_ENABLE_OBJC_WEAK = YES;
				CLANG_WARN_BLOCK_CAPTURE_AUTORELEASING = YES;
				CLANG_WARN_BOOL_CONVERSION = YES;
				CLANG_WARN_COMMA = YES;
				CLANG_WARN_CONSTANT_CONVERSION = YES;
				CLANG_WARN_DEPRECATED_OBJC_IMPLEMENTATIONS = YES;
				CLANG_WARN_DIRECT_OBJC_ISA_USAGE = YES_ERROR;
				CLANG_WARN_DOCUMENTATION_COMMENTS = YES;
				CLANG_WARN_EMPTY_BODY = YES;
				CLANG_WARN_ENUM_CONVERSION = YES;
				CLANG_WARN_INFINITE_RECURSION = YES;
				CLANG_WARN_INT_CONVERSION = YES;
				CLANG_WARN_NON_LITERAL_NULL_CONVERSION = YES;
				CLANG_WARN_OBJC_IMPLICIT_RETAIN_SELF = YES;
				CLANG_WARN_OBJC_LITERAL_CONVERSION = YES;
				CLANG_WARN_OBJC_ROOT_CLASS = YES_ERROR;
				CLANG_WARN_QUOTED_INCLUDE_IN_FRAMEWORK_HEADER = YES;
				CLANG_WARN_RANGE_LOOP_ANALYSIS = YES;
				CLANG_WARN_STRICT_PROTOTYPES = YES;
				CLANG_WARN_SUSPICIOUS_MOVE = YES;
				CLANG_WARN_UNGUARDED_AVAILABILITY = YES_AGGRESSIVE;
				CLANG_WARN_UNREACHABLE_CODE = YES;
				CLANG_WARN__DUPLICATE_METHOD_MATCH = YES;
				COPY_PHASE_STRIP = NO;
				DEBUG_INFORMATION_FORMAT = dwarf;
				ENABLE_STRICT_OBJC_MSGSEND = YES;
				ENABLE_TESTABILITY = YES;
				GCC_C_LANGUAGE_STANDARD = gnu11;
				GCC_DYNAMIC_NO_PIC = NO;
				GCC_NO_COMMON_BLOCKS = YES;
				GCC_OPTIMIZATION_LEVEL = 0;
				GCC_PREPROCESSOR_DEFINITIONS = (
					"DEBUG=1",
					"$(inherited)",
				);
				GCC_WARN_64_TO_32_BIT_CONVERSION = YES;
				GCC_WARN_ABOUT_RETURN_TYPE = YES_ERROR;
				GCC_WARN_UNDECLARED_SELECTOR = YES;
				GCC_WARN_UNINITIALIZED_AUTOS = YES_AGGRESSIVE;
				GCC_WARN_UNUSED_FUNCTION = YES;
				GCC_WARN_UNUSED_VARIABLE = YES;
				IPHONEOS_DEPLOYMENT_TARGET = 14.2;
				MTL_ENABLE_DEBUG_INFO = INCLUDE_SOURCE;
				MTL_FAST_MATH = YES;
				ONLY_ACTIVE_ARCH = YES;
				SDKROOT = iphoneos;
				SWIFT_ACTIVE_COMPILATION_CONDITIONS = DEBUG;
				SWIFT_OPTIMIZATION_LEVEL = "-Onone";
			};
			name = Debug;
		};
		1F29AAD6257BBBC400D22092 /* Release */ = {
			isa = XCBuildConfiguration;
			buildSettings = {
				ALWAYS_SEARCH_USER_PATHS = NO;
				CLANG_ANALYZER_NONNULL = YES;
				CLANG_ANALYZER_NUMBER_OBJECT_CONVERSION = YES_AGGRESSIVE;
				CLANG_CXX_LANGUAGE_STANDARD = "gnu++14";
				CLANG_CXX_LIBRARY = "libc++";
				CLANG_ENABLE_MODULES = YES;
				CLANG_ENABLE_OBJC_ARC = YES;
				CLANG_ENABLE_OBJC_WEAK = YES;
				CLANG_WARN_BLOCK_CAPTURE_AUTORELEASING = YES;
				CLANG_WARN_BOOL_CONVERSION = YES;
				CLANG_WARN_COMMA = YES;
				CLANG_WARN_CONSTANT_CONVERSION = YES;
				CLANG_WARN_DEPRECATED_OBJC_IMPLEMENTATIONS = YES;
				CLANG_WARN_DIRECT_OBJC_ISA_USAGE = YES_ERROR;
				CLANG_WARN_DOCUMENTATION_COMMENTS = YES;
				CLANG_WARN_EMPTY_BODY = YES;
				CLANG_WARN_ENUM_CONVERSION = YES;
				CLANG_WARN_INFINITE_RECURSION = YES;
				CLANG_WARN_INT_CONVERSION = YES;
				CLANG_WARN_NON_LITERAL_NULL_CONVERSION = YES;
				CLANG_WARN_OBJC_IMPLICIT_RETAIN_SELF = YES;
				CLANG_WARN_OBJC_LITERAL_CONVERSION = YES;
				CLANG_WARN_OBJC_ROOT_CLASS = YES_ERROR;
				CLANG_WARN_QUOTED_INCLUDE_IN_FRAMEWORK_HEADER = YES;
				CLANG_WARN_RANGE_LOOP_ANALYSIS = YES;
				CLANG_WARN_STRICT_PROTOTYPES = YES;
				CLANG_WARN_SUSPICIOUS_MOVE = YES;
				CLANG_WARN_UNGUARDED_AVAILABILITY = YES_AGGRESSIVE;
				CLANG_WARN_UNREACHABLE_CODE = YES;
				CLANG_WARN__DUPLICATE_METHOD_MATCH = YES;
				COPY_PHASE_STRIP = NO;
				DEBUG_INFORMATION_FORMAT = "dwarf-with-dsym";
				ENABLE_NS_ASSERTIONS = NO;
				ENABLE_STRICT_OBJC_MSGSEND = YES;
				GCC_C_LANGUAGE_STANDARD = gnu11;
				GCC_NO_COMMON_BLOCKS = YES;
				GCC_WARN_64_TO_32_BIT_CONVERSION = YES;
				GCC_WARN_ABOUT_RETURN_TYPE = YES_ERROR;
				GCC_WARN_UNDECLARED_SELECTOR = YES;
				GCC_WARN_UNINITIALIZED_AUTOS = YES_AGGRESSIVE;
				GCC_WARN_UNUSED_FUNCTION = YES;
				GCC_WARN_UNUSED_VARIABLE = YES;
				IPHONEOS_DEPLOYMENT_TARGET = 14.2;
				MTL_ENABLE_DEBUG_INFO = NO;
				MTL_FAST_MATH = YES;
				SDKROOT = iphoneos;
				SWIFT_COMPILATION_MODE = wholemodule;
				SWIFT_OPTIMIZATION_LEVEL = "-O";
				VALIDATE_PRODUCT = YES;
			};
			name = Release;
		};
		1F29AAD8257BBBC400D22092 /* Debug */ = {
			isa = XCBuildConfiguration;
			buildSettings = {
				ASSETCATALOG_COMPILER_APPICON_NAME = AppIcon;
				ASSETCATALOG_COMPILER_GLOBAL_ACCENT_COLOR_NAME = AccentColor;
				CODE_SIGN_STYLE = Automatic;
				DEVELOPMENT_ASSET_PATHS = "\"SimpleUserInput/Preview Content\"";
				DEVELOPMENT_TEAM = VGM5VS634S;
				ENABLE_PREVIEWS = YES;
				INFOPLIST_FILE = SimpleUserInput/Info.plist;
				IPHONEOS_DEPLOYMENT_TARGET = 14.0;
				LD_RUNPATH_SEARCH_PATHS = (
					"$(inherited)",
					"@executable_path/Frameworks",
				);
				PRODUCT_BUNDLE_IDENTIFIER = io.github.lauwarm.SimpleUserInput;
				PRODUCT_NAME = "$(TARGET_NAME)";
				SWIFT_VERSION = 5.0;
				TARGETED_DEVICE_FAMILY = "1,2";
			};
			name = Debug;
		};
		1F29AAD9257BBBC400D22092 /* Release */ = {
			isa = XCBuildConfiguration;
			buildSettings = {
				ASSETCATALOG_COMPILER_APPICON_NAME = AppIcon;
				ASSETCATALOG_COMPILER_GLOBAL_ACCENT_COLOR_NAME = AccentColor;
				CODE_SIGN_STYLE = Automatic;
				DEVELOPMENT_ASSET_PATHS = "\"SimpleUserInput/Preview Content\"";
				DEVELOPMENT_TEAM = VGM5VS634S;
				ENABLE_PREVIEWS = YES;
				INFOPLIST_FILE = SimpleUserInput/Info.plist;
				IPHONEOS_DEPLOYMENT_TARGET = 14.0;
				LD_RUNPATH_SEARCH_PATHS = (
					"$(inherited)",
					"@executable_path/Frameworks",
				);
				PRODUCT_BUNDLE_IDENTIFIER = io.github.lauwarm.SimpleUserInput;
				PRODUCT_NAME = "$(TARGET_NAME)";
				SWIFT_VERSION = 5.0;
				TARGETED_DEVICE_FAMILY = "1,2";
			};
			name = Release;
		};
/* End XCBuildConfiguration section */

/* Begin XCConfigurationList section */
		1F29AAC3257BBBC300D22092 /* Build configuration list for PBXProject "SimpleUserInput" */ = {
			isa = XCConfigurationList;
			buildConfigurations = (
				1F29AAD5257BBBC400D22092 /* Debug */,
				1F29AAD6257BBBC400D22092 /* Release */,
			);
			defaultConfigurationIsVisible = 0;
			defaultConfigurationName = Release;
		};
		1F29AAD7257BBBC400D22092 /* Build configuration list for PBXNativeTarget "SimpleUserInput" */ = {
			isa = XCConfigurationList;
			buildConfigurations = (
				1F29AAD8257BBBC400D22092 /* Debug */,
				1F29AAD9257BBBC400D22092 /* Release */,
			);
			defaultConfigurationIsVisible = 0;
			defaultConfigurationName = Release;
		};
/* End XCConfigurationList section */
	};
	rootObject = 1F29AAC0257BBBC300D22092 /* Project object */;
}
